# NebulonMind production dependency lock (Python 3.10).
#
# Pinned to the versions installed in the shared venv
# (../NebulonDB/.venv, verified 2026-08-12). Regenerate with:
#   pip freeze --path ../NebulonDB/.venv/lib/python3.10/site-packages
# then keep only the packages reachable from the runtime entry point
# (nmd_host.serve) plus the dev toolchain.
#
# Runtime
fastapi==0.141.1
uvicorn==0.30.6
requests==2.34.2
python-dotenv==1.2.2
pydantic==2.13.4
pydantic-core==2.46.4
starlette==1.6.0
anyio==4.14.2
annotated-types==0.8.0
typing-extensions==4.16.0
certifi==2026.7.22
charset-normalizer==3.4.9
idna==3.18
urllib3==2.7.0
h11==0.16.0
click==8.4.2
exceptiongroup==1.3.1
colorama==0.4.6
sniffio==1.3.0

# Dev / tests
pytest==9.1.1
httpx==0.28.1
httpcore==1.0.9
iniconfig==2.3.0
packaging==26.3
pluggy==1.6.0
pygments==2.20.0
openai==3.3.1
